
Microsoft Visual Studio Solution File, Format Version 11.00
# Visual Studio 2010
Project("{FAE04EC0-301F-11D3-BF4B-00C04F79EFBC}") = "DBconn", "DBconn\DBconn.csproj", "{AD448B2E-C5D7-43A4-AEB9-47404E884882}"
EndProject
Global
	GlobalSection(SolutionConfigurationPlatforms) = preSolution
		Debug|Any CPU = Debug|Any CPU
		Release|Any CPU = Release|Any CPU
	EndGlobalSection
	GlobalSection(ProjectConfigurationPlatforms) = postSolution
		{AD448B2E-C5D7-43A4-AEB9-47404E884882}.Debug|Any CPU.ActiveCfg = Debug|Any CPU
		{AD448B2E-C5D7-43A4-AEB9-47404E884882}.Debug|Any CPU.Build.0 = Debug|Any CPU
		{AD448B2E-C5D7-43A4-AEB9-47404E884882}.Release|Any CPU.ActiveCfg = Release|Any CPU
		{AD448B2E-C5D7-43A4-AEB9-47404E884882}.Release|Any CPU.Build.0 = Release|Any CPU
	EndGlobalSection
	GlobalSection(SolutionProperties) = preSolution
		HideSolutionNode = FALSE
	EndGlobalSection
EndGlobal
